// !$*UTF8*$!
{
	archiveVersion = 1;
	classes = {
	};
	objectVersion = 56;
	objects = {

/* Begin PBXBuildFile section */
		303EAF5B2AD1BD1F00689795 /* RemindMeApp.swift in Sources */ = {isa = PBXBuildFile; fileRef = 303EAF5A2AD1BD1F00689795 /* RemindMeApp.swift */; };
		303EAF5F2AD1BD1F00689795 /* Item.swift in Sources */ = {isa = PBXBuildFile; fileRef = 303EAF5E2AD1BD1F00689795 /* Item.swift */; };
		303EAF612AD1BD2000689795 /* Assets.xcassets in Resources */ = {isa = PBXBuildFile; fileRef = 303EAF602AD1BD2000689795 /* Assets.xcassets */; };
		303EAF652AD1BD2000689795 /* Preview Assets.xcassets in Resources */ = {isa = PBXBuildFile; fileRef = 303EAF642AD1BD2000689795 /* Preview Assets.xcassets */; };
		303EAF6F2AD1BD2000689795 /* RemindMeTests.swift in Sources */ = {isa = PBXBuildFile; fileRef = 303EAF6E2AD1BD2000689795 /* RemindMeTests.swift */; };
		303EAF792AD1BD2000689795 /* RemindMeUITests.swift in Sources */ = {isa = PBXBuildFile; fileRef = 303EAF782AD1BD2000689795 /* RemindMeUITests.swift */; };
		303EAF7B2AD1BD2000689795 /* RemindMeUITestsLaunchTests.swift in Sources */ = {isa = PBXBuildFile; fileRef = 303EAF7A2AD1BD2000689795 /* RemindMeUITestsLaunchTests.swift */; };
		303EAF9B2AD1C17A00689795 /* RemindMe__iOS_App.swift in Sources */ = {isa = PBXBuildFile; fileRef = 303EAF9A2AD1C17A00689795 /* RemindMe__iOS_App.swift */; };
		303EAF9D2AD1C17A00689795 /* ContentView.swift in Sources */ = {isa = PBXBuildFile; fileRef = 303EAF9C2AD1C17A00689795 /* ContentView.swift */; };
		303EAF9F2AD1C17A00689795 /* Item.swift in Sources */ = {isa = PBXBuildFile; fileRef = 303EAF9E2AD1C17A00689795 /* Item.swift */; };
		303EAFA12AD1C17B00689795 /* Assets.xcassets in Resources */ = {isa = PBXBuildFile; fileRef = 303EAFA02AD1C17B00689795 /* Assets.xcassets */; };
		303EAFA42AD1C17B00689795 /* Preview Assets.xcassets in Resources */ = {isa = PBXBuildFile; fileRef = 303EAFA32AD1C17B00689795 /* Preview Assets.xcassets */; };
		303EAFAE2AD1C17B00689795 /* RemindMe__iOS_Tests.swift in Sources */ = {isa = PBXBuildFile; fileRef = 303EAFAD2AD1C17B00689795 /* RemindMe__iOS_Tests.swift */; };
		303EAFB82AD1C17B00689795 /* RemindMe__iOS_UITests.swift in Sources */ = {isa = PBXBuildFile; fileRef = 303EAFB72AD1C17B00689795 /* RemindMe__iOS_UITests.swift */; };
		303EAFBA2AD1C17B00689795 /* RemindMe__iOS_UITestsLaunchTests.swift in Sources */ = {isa = PBXBuildFile; fileRef = 303EAFB92AD1C17B00689795 /* RemindMe__iOS_UITestsLaunchTests.swift */; };
		303EAFCC2AD1C32C00689795 /* RemindMeItem.swift in Sources */ = {isa = PBXBuildFile; fileRef = 303EAFCB2AD1C32C00689795 /* RemindMeItem.swift */; };
		303EAFCD2AD1C32C00689795 /* RemindMeItem.swift in Sources */ = {isa = PBXBuildFile; fileRef = 303EAFCB2AD1C32C00689795 /* RemindMeItem.swift */; };
		30B1854D2AD1D0A0004760F9 /* HomeView.swift in Sources */ = {isa = PBXBuildFile; fileRef = 30B1854C2AD1D0A0004760F9 /* HomeView.swift */; };
		30B1854E2AD1D0A0004760F9 /* HomeView.swift in Sources */ = {isa = PBXBuildFile; fileRef = 30B1854C2AD1D0A0004760F9 /* HomeView.swift */; };
		30B185502AD1D52B004760F9 /* SectionView.swift in Sources */ = {isa = PBXBuildFile; fileRef = 30B1854F2AD1D52B004760F9 /* SectionView.swift */; };
		30B185522AD1D53C004760F9 /* SectionView.swift in Sources */ = {isa = PBXBuildFile; fileRef = 30B185512AD1D53C004760F9 /* SectionView.swift */; };
		30B185542AD1D56D004760F9 /* Sections.swift in Sources */ = {isa = PBXBuildFile; fileRef = 30B185532AD1D56D004760F9 /* Sections.swift */; };
		30B185552AD1D56D004760F9 /* Sections.swift in Sources */ = {isa = PBXBuildFile; fileRef = 30B185532AD1D56D004760F9 /* Sections.swift */; };
		30B185572AD1DA21004760F9 /* Localizable.xcstrings in Resources */ = {isa = PBXBuildFile; fileRef = 30B185562AD1DA21004760F9 /* Localizable.xcstrings */; };
		30B185582AD1DA21004760F9 /* Localizable.xcstrings in Resources */ = {isa = PBXBuildFile; fileRef = 30B185562AD1DA21004760F9 /* Localizable.xcstrings */; };
		30B1855B2AD1DB88004760F9 /* HomeViewModel.swift in Sources */ = {isa = PBXBuildFile; fileRef = 30B1855A2AD1DB88004760F9 /* HomeViewModel.swift */; };
		30B1855C2AD1DB88004760F9 /* HomeViewModel.swift in Sources */ = {isa = PBXBuildFile; fileRef = 30B1855A2AD1DB88004760F9 /* HomeViewModel.swift */; };
		30B1855F2AD1E435004760F9 /* DateService.swift in Sources */ = {isa = PBXBuildFile; fileRef = 30B1855E2AD1E435004760F9 /* DateService.swift */; };
		30B185602AD1E435004760F9 /* DateService.swift in Sources */ = {isa = PBXBuildFile; fileRef = 30B1855E2AD1E435004760F9 /* DateService.swift */; };
/* End PBXBuildFile section */

/* Begin PBXContainerItemProxy section */
		303EAF6B2AD1BD2000689795 /* PBXContainerItemProxy */ = {
			isa = PBXContainerItemProxy;
			containerPortal = 303EAF4F2AD1BD1F00689795 /* Project object */;
			proxyType = 1;
			remoteGlobalIDString = 303EAF562AD1BD1F00689795;
			remoteInfo = RemindMe;
		};
		303EAF752AD1BD2000689795 /* PBXContainerItemProxy */ = {
			isa = PBXContainerItemProxy;
			containerPortal = 303EAF4F2AD1BD1F00689795 /* Project object */;
			proxyType = 1;
			remoteGlobalIDString = 303EAF562AD1BD1F00689795;
			remoteInfo = RemindMe;
		};
		303EAFAA2AD1C17B00689795 /* PBXContainerItemProxy */ = {
			isa = PBXContainerItemProxy;
			containerPortal = 303EAF4F2AD1BD1F00689795 /* Project object */;
			proxyType = 1;
			remoteGlobalIDString = 303EAF972AD1C17A00689795;
			remoteInfo = "RemindMe (iOS)";
		};
		303EAFB42AD1C17B00689795 /* PBXContainerItemProxy */ = {
			isa = PBXContainerItemProxy;
			containerPortal = 303EAF4F2AD1BD1F00689795 /* Project object */;
			proxyType = 1;
			remoteGlobalIDString = 303EAF972AD1C17A00689795;
			remoteInfo = "RemindMe (iOS)";
		};
/* End PBXContainerItemProxy section */

/* Begin PBXFileReference section */
		303EAF572AD1BD1F00689795 /* RemindMe.app */ = {isa = PBXFileReference; explicitFileType = wrapper.application; includeInIndex = 0; path = RemindMe.app; sourceTree = BUILT_PRODUCTS_DIR; };
		303EAF5A2AD1BD1F00689795 /* RemindMeApp.swift */ = {isa = PBXFileReference; lastKnownFileType = sourcecode.swift; path = RemindMeApp.swift; sourceTree = "<group>"; };
		303EAF5E2AD1BD1F00689795 /* Item.swift */ = {isa = PBXFileReference; lastKnownFileType = sourcecode.swift; path = Item.swift; sourceTree = "<group>"; };
		303EAF602AD1BD2000689795 /* Assets.xcassets */ = {isa = PBXFileReference; lastKnownFileType = folder.assetcatalog; path = Assets.xcassets; sourceTree = "<group>"; };
		303EAF622AD1BD2000689795 /* RemindMe.entitlements */ = {isa = PBXFileReference; lastKnownFileType = text.plist.entitlements; path = RemindMe.entitlements; sourceTree = "<group>"; };
		303EAF642AD1BD2000689795 /* Preview Assets.xcassets */ = {isa = PBXFileReference; lastKnownFileType = folder.assetcatalog; path = "Preview Assets.xcassets"; sourceTree = "<group>"; };
		303EAF6A2AD1BD2000689795 /* RemindMeTests.xctest */ = {isa = PBXFileReference; explicitFileType = wrapper.cfbundle; includeInIndex = 0; path = RemindMeTests.xctest; sourceTree = BUILT_PRODUCTS_DIR; };
		303EAF6E2AD1BD2000689795 /* RemindMeTests.swift */ = {isa = PBXFileReference; lastKnownFileType = sourcecode.swift; path = RemindMeTests.swift; sourceTree = "<group>"; };
		303EAF742AD1BD2000689795 /* RemindMeUITests.xctest */ = {isa = PBXFileReference; explicitFileType = wrapper.cfbundle; includeInIndex = 0; path = RemindMeUITests.xctest; sourceTree = BUILT_PRODUCTS_DIR; };
		303EAF782AD1BD2000689795 /* RemindMeUITests.swift */ = {isa = PBXFileReference; lastKnownFileType = sourcecode.swift; path = RemindMeUITests.swift; sourceTree = "<group>"; };
		303EAF7A2AD1BD2000689795 /* RemindMeUITestsLaunchTests.swift */ = {isa = PBXFileReference; lastKnownFileType = sourcecode.swift; path = RemindMeUITestsLaunchTests.swift; sourceTree = "<group>"; };
		303EAF982AD1C17A00689795 /* RemindMe (iOS).app */ = {isa = PBXFileReference; explicitFileType = wrapper.application; includeInIndex = 0; path = "RemindMe (iOS).app"; sourceTree = BUILT_PRODUCTS_DIR; };
		303EAF9A2AD1C17A00689795 /* RemindMe__iOS_App.swift */ = {isa = PBXFileReference; lastKnownFileType = sourcecode.swift; path = RemindMe__iOS_App.swift; sourceTree = "<group>"; };
		303EAF9C2AD1C17A00689795 /* ContentView.swift */ = {isa = PBXFileReference; lastKnownFileType = sourcecode.swift; path = ContentView.swift; sourceTree = "<group>"; };
		303EAF9E2AD1C17A00689795 /* Item.swift */ = {isa = PBXFileReference; lastKnownFileType = sourcecode.swift; path = Item.swift; sourceTree = "<group>"; };
		303EAFA02AD1C17B00689795 /* Assets.xcassets */ = {isa = PBXFileReference; lastKnownFileType = folder.assetcatalog; path = Assets.xcassets; sourceTree = "<group>"; };
		303EAFA32AD1C17B00689795 /* Preview Assets.xcassets */ = {isa = PBXFileReference; lastKnownFileType = folder.assetcatalog; path = "Preview Assets.xcassets"; sourceTree = "<group>"; };
		303EAFA92AD1C17B00689795 /* RemindMe (iOS)Tests.xctest */ = {isa = PBXFileReference; explicitFileType = wrapper.cfbundle; includeInIndex = 0; path = "RemindMe (iOS)Tests.xctest"; sourceTree = BUILT_PRODUCTS_DIR; };
		303EAFAD2AD1C17B00689795 /* RemindMe__iOS_Tests.swift */ = {isa = PBXFileReference; lastKnownFileType = sourcecode.swift; path = RemindMe__iOS_Tests.swift; sourceTree = "<group>"; };
		303EAFB32AD1C17B00689795 /* RemindMe (iOS)UITests.xctest */ = {isa = PBXFileReference; explicitFileType = wrapper.cfbundle; includeInIndex = 0; path = "RemindMe (iOS)UITests.xctest"; sourceTree = BUILT_PRODUCTS_DIR; };
		303EAFB72AD1C17B00689795 /* RemindMe__iOS_UITests.swift */ = {isa = PBXFileReference; lastKnownFileType = sourcecode.swift; path = RemindMe__iOS_UITests.swift; sourceTree = "<group>"; };
		303EAFB92AD1C17B00689795 /* RemindMe__iOS_UITestsLaunchTests.swift */ = {isa = PBXFileReference; lastKnownFileType = sourcecode.swift; path = RemindMe__iOS_UITestsLaunchTests.swift; sourceTree = "<group>"; };
		303EAFCB2AD1C32C00689795 /* RemindMeItem.swift */ = {isa = PBXFileReference; lastKnownFileType = sourcecode.swift; path = RemindMeItem.swift; sourceTree = "<group>"; };
		30B1854C2AD1D0A0004760F9 /* HomeView.swift */ = {isa = PBXFileReference; lastKnownFileType = sourcecode.swift; path = HomeView.swift; sourceTree = "<group>"; };
		30B1854F2AD1D52B004760F9 /* SectionView.swift */ = {isa = PBXFileReference; lastKnownFileType = sourcecode.swift; path = SectionView.swift; sourceTree = "<group>"; };
		30B185512AD1D53C004760F9 /* SectionView.swift */ = {isa = PBXFileReference; lastKnownFileType = sourcecode.swift; path = SectionView.swift; sourceTree = "<group>"; };
		30B185532AD1D56D004760F9 /* Sections.swift */ = {isa = PBXFileReference; lastKnownFileType = sourcecode.swift; path = Sections.swift; sourceTree = "<group>"; };
		30B185562AD1DA21004760F9 /* Localizable.xcstrings */ = {isa = PBXFileReference; lastKnownFileType = text.json.xcstrings; path = Localizable.xcstrings; sourceTree = "<group>"; };
		30B1855A2AD1DB88004760F9 /* HomeViewModel.swift */ = {isa = PBXFileReference; lastKnownFileType = sourcecode.swift; path = HomeViewModel.swift; sourceTree = "<group>"; };
		30B1855E2AD1E435004760F9 /* DateService.swift */ = {isa = PBXFileReference; lastKnownFileType = sourcecode.swift; path = DateService.swift; sourceTree = "<group>"; };
/* End PBXFileReference section */

/* Begin PBXFrameworksBuildPhase section */
		303EAF542AD1BD1F00689795 /* Frameworks */ = {
			isa = PBXFrameworksBuildPhase;
			buildActionMask = 2147483647;
			files = (
			);
			runOnlyForDeploymentPostprocessing = 0;
		};
		303EAF672AD1BD2000689795 /* Frameworks */ = {
			isa = PBXFrameworksBuildPhase;
			buildActionMask = 2147483647;
			files = (
			);
			runOnlyForDeploymentPostprocessing = 0;
		};
		303EAF712AD1BD2000689795 /* Frameworks */ = {
			isa = PBXFrameworksBuildPhase;
			buildActionMask = 2147483647;
			files = (
			);
			runOnlyForDeploymentPostprocessing = 0;
		};
		303EAF952AD1C17A00689795 /* Frameworks */ = {
			isa = PBXFrameworksBuildPhase;
			buildActionMask = 2147483647;
			files = (
			);
			runOnlyForDeploymentPostprocessing = 0;
		};
		303EAFA62AD1C17B00689795 /* Frameworks */ = {
			isa = PBXFrameworksBuildPhase;
			buildActionMask = 2147483647;
			files = (
			);
			runOnlyForDeploymentPostprocessing = 0;
		};
		303EAFB02AD1C17B00689795 /* Frameworks */ = {
			isa = PBXFrameworksBuildPhase;
			buildActionMask = 2147483647;
			files = (
			);
			runOnlyForDeploymentPostprocessing = 0;
		};
/* End PBXFrameworksBuildPhase section */

/* Begin PBXGroup section */
		303EAF4E2AD1BD1F00689795 = {
			isa = PBXGroup;
			children = (
				303EAF592AD1BD1F00689795 /* RemindMe */,
				303EAF6D2AD1BD2000689795 /* RemindMeTests */,
				303EAF772AD1BD2000689795 /* RemindMeUITests */,
				303EAF992AD1C17A00689795 /* RemindMe (iOS) */,
				303EAFAC2AD1C17B00689795 /* RemindMe (iOS)Tests */,
				303EAFB62AD1C17B00689795 /* RemindMe (iOS)UITests */,
				303EAF582AD1BD1F00689795 /* Products */,
			);
			sourceTree = "<group>";
		};
		303EAF582AD1BD1F00689795 /* Products */ = {
			isa = PBXGroup;
			children = (
				303EAF572AD1BD1F00689795 /* RemindMe.app */,
				303EAF6A2AD1BD2000689795 /* RemindMeTests.xctest */,
				303EAF742AD1BD2000689795 /* RemindMeUITests.xctest */,
				303EAF982AD1C17A00689795 /* RemindMe (iOS).app */,
				303EAFA92AD1C17B00689795 /* RemindMe (iOS)Tests.xctest */,
				303EAFB32AD1C17B00689795 /* RemindMe (iOS)UITests.xctest */,
			);
			name = Products;
			sourceTree = "<group>";
		};
		303EAF592AD1BD1F00689795 /* RemindMe */ = {
			isa = PBXGroup;
			children = (
				303EAFC92AD1C31A00689795 /* Shared */,
				303EAF882AD1BD2900689795 /* macOS */,
				303EAF872AD1BD2400689795 /* iOS */,
				303EAF5A2AD1BD1F00689795 /* RemindMeApp.swift */,
				303EAF5E2AD1BD1F00689795 /* Item.swift */,
				303EAF602AD1BD2000689795 /* Assets.xcassets */,
				303EAF622AD1BD2000689795 /* RemindMe.entitlements */,
				303EAF632AD1BD2000689795 /* Preview Content */,
				30B185562AD1DA21004760F9 /* Localizable.xcstrings */,
			);
			path = RemindMe;
			sourceTree = "<group>";
		};
		303EAF632AD1BD2000689795 /* Preview Content */ = {
			isa = PBXGroup;
			children = (
				303EAF642AD1BD2000689795 /* Preview Assets.xcassets */,
			);
			path = "Preview Content";
			sourceTree = "<group>";
		};
		303EAF6D2AD1BD2000689795 /* RemindMeTests */ = {
			isa = PBXGroup;
			children = (
				303EAF6E2AD1BD2000689795 /* RemindMeTests.swift */,
			);
			path = RemindMeTests;
			sourceTree = "<group>";
		};
		303EAF772AD1BD2000689795 /* RemindMeUITests */ = {
			isa = PBXGroup;
			children = (
				303EAF782AD1BD2000689795 /* RemindMeUITests.swift */,
				303EAF7A2AD1BD2000689795 /* RemindMeUITestsLaunchTests.swift */,
			);
			path = RemindMeUITests;
			sourceTree = "<group>";
		};
		303EAF872AD1BD2400689795 /* iOS */ = {
			isa = PBXGroup;
			children = (
				303EAF902AD1C05800689795 /* Models */,
				303EAF8E2AD1C05100689795 /* Services */,
				303EAF8C2AD1C04900689795 /* Controllers */,
				303EAF8A2AD1C04000689795 /* Views */,
			);
			path = iOS;
			sourceTree = "<group>";
		};
		303EAF882AD1BD2900689795 /* macOS */ = {
			isa = PBXGroup;
			children = (
				303EAF8F2AD1C05400689795 /* Models */,
				303EAF8D2AD1C04D00689795 /* Services */,
				303EAF8B2AD1C04300689795 /* Controllers */,
				303EAF892AD1C03C00689795 /* Views */,
			);
			path = macOS;
			sourceTree = "<group>";
		};
		303EAF892AD1C03C00689795 /* Views */ = {
			isa = PBXGroup;
			children = (
				30B1854F2AD1D52B004760F9 /* SectionView.swift */,
			);
			path = Views;
			sourceTree = "<group>";
		};
		303EAF8A2AD1C04000689795 /* Views */ = {
			isa = PBXGroup;
			children = (
				30B185512AD1D53C004760F9 /* SectionView.swift */,
			);
			path = Views;
			sourceTree = "<group>";
		};
		303EAF8B2AD1C04300689795 /* Controllers */ = {
			isa = PBXGroup;
			children = (
			);
			path = Controllers;
			sourceTree = "<group>";
		};
		303EAF8C2AD1C04900689795 /* Controllers */ = {
			isa = PBXGroup;
			children = (
			);
			path = Controllers;
			sourceTree = "<group>";
		};
		303EAF8D2AD1C04D00689795 /* Services */ = {
			isa = PBXGroup;
			children = (
			);
			path = Services;
			sourceTree = "<group>";
		};
		303EAF8E2AD1C05100689795 /* Services */ = {
			isa = PBXGroup;
			children = (
			);
			path = Services;
			sourceTree = "<group>";
		};
		303EAF8F2AD1C05400689795 /* Models */ = {
			isa = PBXGroup;
			children = (
			);
			path = Models;
			sourceTree = "<group>";
		};
		303EAF902AD1C05800689795 /* Models */ = {
			isa = PBXGroup;
			children = (
			);
			path = Models;
			sourceTree = "<group>";
		};
		303EAF992AD1C17A00689795 /* RemindMe (iOS) */ = {
			isa = PBXGroup;
			children = (
				303EAF9A2AD1C17A00689795 /* RemindMe__iOS_App.swift */,
				303EAF9C2AD1C17A00689795 /* ContentView.swift */,
				303EAF9E2AD1C17A00689795 /* Item.swift */,
				303EAFA02AD1C17B00689795 /* Assets.xcassets */,
				303EAFA22AD1C17B00689795 /* Preview Content */,
			);
			path = "RemindMe (iOS)";
			sourceTree = "<group>";
		};
		303EAFA22AD1C17B00689795 /* Preview Content */ = {
			isa = PBXGroup;
			children = (
				303EAFA32AD1C17B00689795 /* Preview Assets.xcassets */,
			);
			path = "Preview Content";
			sourceTree = "<group>";
		};
		303EAFAC2AD1C17B00689795 /* RemindMe (iOS)Tests */ = {
			isa = PBXGroup;
			children = (
				303EAFAD2AD1C17B00689795 /* RemindMe__iOS_Tests.swift */,
			);
			path = "RemindMe (iOS)Tests";
			sourceTree = "<group>";
		};
		303EAFB62AD1C17B00689795 /* RemindMe (iOS)UITests */ = {
			isa = PBXGroup;
			children = (
				303EAFB72AD1C17B00689795 /* RemindMe__iOS_UITests.swift */,
				303EAFB92AD1C17B00689795 /* RemindMe__iOS_UITestsLaunchTests.swift */,
			);
			path = "RemindMe (iOS)UITests";
			sourceTree = "<group>";
		};
		303EAFC92AD1C31A00689795 /* Shared */ = {
			isa = PBXGroup;
			children = (
				30B1855D2AD1E42C004760F9 /* Services */,
				30B185592AD1DB7C004760F9 /* Controller */,
				30B1854B2AD1D08F004760F9 /* Views */,
				303EAFCA2AD1C31E00689795 /* Models */,
			);
			path = Shared;
			sourceTree = "<group>";
		};
		303EAFCA2AD1C31E00689795 /* Models */ = {
			isa = PBXGroup;
			children = (
				303EAFCB2AD1C32C00689795 /* RemindMeItem.swift */,
				30B185532AD1D56D004760F9 /* Sections.swift */,
			);
			path = Models;
			sourceTree = "<group>";
		};
		30B1854B2AD1D08F004760F9 /* Views */ = {
			isa = PBXGroup;
			children = (
				30B1854C2AD1D0A0004760F9 /* HomeView.swift */,
			);
			path = Views;
			sourceTree = "<group>";
		};
		30B185592AD1DB7C004760F9 /* Controller */ = {
			isa = PBXGroup;
			children = (
				30B1855A2AD1DB88004760F9 /* HomeViewModel.swift */,
			);
			path = Controller;
			sourceTree = "<group>";
		};
		30B1855D2AD1E42C004760F9 /* Services */ = {
			isa = PBXGroup;
			children = (
				30B1855E2AD1E435004760F9 /* DateService.swift */,
			);
			path = Services;
			sourceTree = "<group>";
		};
/* End PBXGroup section */

/* Begin PBXNativeTarget section */
		303EAF562AD1BD1F00689795 /* RemindMe */ = {
			isa = PBXNativeTarget;
			buildConfigurationList = 303EAF7E2AD1BD2000689795 /* Build configuration list for PBXNativeTarget "RemindMe" */;
			buildPhases = (
				303EAF532AD1BD1F00689795 /* Sources */,
				303EAF542AD1BD1F00689795 /* Frameworks */,
				303EAF552AD1BD1F00689795 /* Resources */,
			);
			buildRules = (
			);
			dependencies = (
			);
			name = RemindMe;
			productName = RemindMe;
			productReference = 303EAF572AD1BD1F00689795 /* RemindMe.app */;
			productType = "com.apple.product-type.application";
		};
		303EAF692AD1BD2000689795 /* RemindMeTests */ = {
			isa = PBXNativeTarget;
			buildConfigurationList = 303EAF812AD1BD2000689795 /* Build configuration list for PBXNativeTarget "RemindMeTests" */;
			buildPhases = (
				303EAF662AD1BD2000689795 /* Sources */,
				303EAF672AD1BD2000689795 /* Frameworks */,
				303EAF682AD1BD2000689795 /* Resources */,
			);
			buildRules = (
			);
			dependencies = (
				303EAF6C2AD1BD2000689795 /* PBXTargetDependency */,
			);
			name = RemindMeTests;
			productName = RemindMeTests;
			productReference = 303EAF6A2AD1BD2000689795 /* RemindMeTests.xctest */;
			productType = "com.apple.product-type.bundle.unit-test";
		};
		303EAF732AD1BD2000689795 /* RemindMeUITests */ = {
			isa = PBXNativeTarget;
			buildConfigurationList = 303EAF842AD1BD2000689795 /* Build configuration list for PBXNativeTarget "RemindMeUITests" */;
			buildPhases = (
				303EAF702AD1BD2000689795 /* Sources */,
				303EAF712AD1BD2000689795 /* Frameworks */,
				303EAF722AD1BD2000689795 /* Resources */,
			);
			buildRules = (
			);
			dependencies = (
				303EAF762AD1BD2000689795 /* PBXTargetDependency */,
			);
			name = RemindMeUITests;
			productName = RemindMeUITests;
			productReference = 303EAF742AD1BD2000689795 /* RemindMeUITests.xctest */;
			productType = "com.apple.product-type.bundle.ui-testing";
		};
		303EAF972AD1C17A00689795 /* RemindMe (iOS) */ = {
			isa = PBXNativeTarget;
			buildConfigurationList = 303EAFBB2AD1C17B00689795 /* Build configuration list for PBXNativeTarget "RemindMe (iOS)" */;
			buildPhases = (
				303EAF942AD1C17A00689795 /* Sources */,
				303EAF952AD1C17A00689795 /* Frameworks */,
				303EAF962AD1C17A00689795 /* Resources */,
			);
			buildRules = (
			);
			dependencies = (
			);
			name = "RemindMe (iOS)";
			productName = "RemindMe (iOS)";
			productReference = 303EAF982AD1C17A00689795 /* RemindMe (iOS).app */;
			productType = "com.apple.product-type.application";
		};
		303EAFA82AD1C17B00689795 /* RemindMe (iOS)Tests */ = {
			isa = PBXNativeTarget;
			buildConfigurationList = 303EAFBE2AD1C17B00689795 /* Build configuration list for PBXNativeTarget "RemindMe (iOS)Tests" */;
			buildPhases = (
				303EAFA52AD1C17B00689795 /* Sources */,
				303EAFA62AD1C17B00689795 /* Frameworks */,
				303EAFA72AD1C17B00689795 /* Resources */,
			);
			buildRules = (
			);
			dependencies = (
				303EAFAB2AD1C17B00689795 /* PBXTargetDependency */,
			);
			name = "RemindMe (iOS)Tests";
			productName = "RemindMe (iOS)Tests";
			productReference = 303EAFA92AD1C17B00689795 /* RemindMe (iOS)Tests.xctest */;
			productType = "com.apple.product-type.bundle.unit-test";
		};
		303EAFB22AD1C17B00689795 /* RemindMe (iOS)UITests */ = {
			isa = PBXNativeTarget;
			buildConfigurationList = 303EAFC12AD1C17B00689795 /* Build configuration list for PBXNativeTarget "RemindMe (iOS)UITests" */;
			buildPhases = (
				303EAFAF2AD1C17B00689795 /* Sources */,
				303EAFB02AD1C17B00689795 /* Frameworks */,
				303EAFB12AD1C17B00689795 /* Resources */,
			);
			buildRules = (
			);
			dependencies = (
				303EAFB52AD1C17B00689795 /* PBXTargetDependency */,
			);
			name = "RemindMe (iOS)UITests";
			productName = "RemindMe (iOS)UITests";
			productReference = 303EAFB32AD1C17B00689795 /* RemindMe (iOS)UITests.xctest */;
			productType = "com.apple.product-type.bundle.ui-testing";
		};
/* End PBXNativeTarget section */

/* Begin PBXProject section */
		303EAF4F2AD1BD1F00689795 /* Project object */ = {
			isa = PBXProject;
			attributes = {
				BuildIndependentTargetsInParallel = 1;
				LastSwiftUpdateCheck = 1500;
				LastUpgradeCheck = 1500;
				TargetAttributes = {
					303EAF562AD1BD1F00689795 = {
						CreatedOnToolsVersion = 15.0;
					};
					303EAF692AD1BD2000689795 = {
						CreatedOnToolsVersion = 15.0;
						TestTargetID = 303EAF562AD1BD1F00689795;
					};
					303EAF732AD1BD2000689795 = {
						CreatedOnToolsVersion = 15.0;
						TestTargetID = 303EAF562AD1BD1F00689795;
					};
					303EAF972AD1C17A00689795 = {
						CreatedOnToolsVersion = 15.0;
					};
					303EAFA82AD1C17B00689795 = {
						CreatedOnToolsVersion = 15.0;
						TestTargetID = 303EAF972AD1C17A00689795;
					};
					303EAFB22AD1C17B00689795 = {
						CreatedOnToolsVersion = 15.0;
						TestTargetID = 303EAF972AD1C17A00689795;
					};
				};
			};
			buildConfigurationList = 303EAF522AD1BD1F00689795 /* Build configuration list for PBXProject "RemindMe" */;
			compatibilityVersion = "Xcode 14.0";
			developmentRegion = en;
			hasScannedForEncodings = 0;
			knownRegions = (
				en,
				Base,
				de,
			);
			mainGroup = 303EAF4E2AD1BD1F00689795;
			productRefGroup = 303EAF582AD1BD1F00689795 /* Products */;
			projectDirPath = "";
			projectRoot = "";
			targets = (
				303EAF562AD1BD1F00689795 /* RemindMe */,
				303EAF692AD1BD2000689795 /* RemindMeTests */,
				303EAF732AD1BD2000689795 /* RemindMeUITests */,
				303EAF972AD1C17A00689795 /* RemindMe (iOS) */,
				303EAFA82AD1C17B00689795 /* RemindMe (iOS)Tests */,
				303EAFB22AD1C17B00689795 /* RemindMe (iOS)UITests */,
			);
		};
/* End PBXProject section */

/* Begin PBXResourcesBuildPhase section */
		303EAF552AD1BD1F00689795 /* Resources */ = {
			isa = PBXResourcesBuildPhase;
			buildActionMask = 2147483647;
			files = (
				303EAF652AD1BD2000689795 /* Preview Assets.xcassets in Resources */,
				303EAF612AD1BD2000689795 /* Assets.xcassets in Resources */,
				30B185572AD1DA21004760F9 /* Localizable.xcstrings in Resources */,
			);
			runOnlyForDeploymentPostprocessing = 0;
		};
		303EAF682AD1BD2000689795 /* Resources */ = {
			isa = PBXResourcesBuildPhase;
			buildActionMask = 2147483647;
			files = (
			);
			runOnlyForDeploymentPostprocessing = 0;
		};
		303EAF722AD1BD2000689795 /* Resources */ = {
			isa = PBXResourcesBuildPhase;
			buildActionMask = 2147483647;
			files = (
			);
			runOnlyForDeploymentPostprocessing = 0;
		};
		303EAF962AD1C17A00689795 /* Resources */ = {
			isa = PBXResourcesBuildPhase;
			buildActionMask = 2147483647;
			files = (
				303EAFA42AD1C17B00689795 /* Preview Assets.xcassets in Resources */,
				303EAFA12AD1C17B00689795 /* Assets.xcassets in Resources */,
				30B185582AD1DA21004760F9 /* Localizable.xcstrings in Resources */,
			);
			runOnlyForDeploymentPostprocessing = 0;
		};
		303EAFA72AD1C17B00689795 /* Resources */ = {
			isa = PBXResourcesBuildPhase;
			buildActionMask = 2147483647;
			files = (
			);
			runOnlyForDeploymentPostprocessing = 0;
		};
		303EAFB12AD1C17B00689795 /* Resources */ = {
			isa = PBXResourcesBuildPhase;
			buildActionMask = 2147483647;
			files = (
			);
			runOnlyForDeploymentPostprocessing = 0;
		};
/* End PBXResourcesBuildPhase section */

/* Begin PBXSourcesBuildPhase section */
		303EAF532AD1BD1F00689795 /* Sources */ = {
			isa = PBXSourcesBuildPhase;
			buildActionMask = 2147483647;
			files = (
				303EAFCC2AD1C32C00689795 /* RemindMeItem.swift in Sources */,
				30B185542AD1D56D004760F9 /* Sections.swift in Sources */,
				303EAF5F2AD1BD1F00689795 /* Item.swift in Sources */,
				30B1855F2AD1E435004760F9 /* DateService.swift in Sources */,
				30B185502AD1D52B004760F9 /* SectionView.swift in Sources */,
				30B1854D2AD1D0A0004760F9 /* HomeView.swift in Sources */,
				30B1855B2AD1DB88004760F9 /* HomeViewModel.swift in Sources */,
				303EAF5B2AD1BD1F00689795 /* RemindMeApp.swift in Sources */,
			);
			runOnlyForDeploymentPostprocessing = 0;
		};
		303EAF662AD1BD2000689795 /* Sources */ = {
			isa = PBXSourcesBuildPhase;
			buildActionMask = 2147483647;
			files = (
				303EAF6F2AD1BD2000689795 /* RemindMeTests.swift in Sources */,
			);
			runOnlyForDeploymentPostprocessing = 0;
		};
		303EAF702AD1BD2000689795 /* Sources */ = {
			isa = PBXSourcesBuildPhase;
			buildActionMask = 2147483647;
			files = (
				303EAF7B2AD1BD2000689795 /* RemindMeUITestsLaunchTests.swift in Sources */,
				303EAF792AD1BD2000689795 /* RemindMeUITests.swift in Sources */,
			);
			runOnlyForDeploymentPostprocessing = 0;
		};
		303EAF942AD1C17A00689795 /* Sources */ = {
			isa = PBXSourcesBuildPhase;
			buildActionMask = 2147483647;
			files = (
				30B185602AD1E435004760F9 /* DateService.swift in Sources */,
				303EAF9D2AD1C17A00689795 /* ContentView.swift in Sources */,
				30B185552AD1D56D004760F9 /* Sections.swift in Sources */,
				303EAFCD2AD1C32C00689795 /* RemindMeItem.swift in Sources */,
				30B1855C2AD1DB88004760F9 /* HomeViewModel.swift in Sources */,
				30B185522AD1D53C004760F9 /* SectionView.swift in Sources */,
				303EAF9F2AD1C17A00689795 /* Item.swift in Sources */,
				30B1854E2AD1D0A0004760F9 /* HomeView.swift in Sources */,
				303EAF9B2AD1C17A00689795 /* RemindMe__iOS_App.swift in Sources */,
			);
			runOnlyForDeploymentPostprocessing = 0;
		};
		303EAFA52AD1C17B00689795 /* Sources */ = {
			isa = PBXSourcesBuildPhase;
			buildActionMask = 2147483647;
			files = (
				303EAFAE2AD1C17B00689795 /* RemindMe__iOS_Tests.swift in Sources */,
			);
			runOnlyForDeploymentPostprocessing = 0;
		};
		303EAFAF2AD1C17B00689795 /* Sources */ = {
			isa = PBXSourcesBuildPhase;
			buildActionMask = 2147483647;
			files = (
				303EAFB82AD1C17B00689795 /* RemindMe__iOS_UITests.swift in Sources */,
				303EAFBA2AD1C17B00689795 /* RemindMe__iOS_UITestsLaunchTests.swift in Sources */,
			);
			runOnlyForDeploymentPostprocessing = 0;
		};
/* End PBXSourcesBuildPhase section */

/* Begin PBXTargetDependency section */
		303EAF6C2AD1BD2000689795 /* PBXTargetDependency */ = {
			isa = PBXTargetDependency;
			target = 303EAF562AD1BD1F00689795 /* RemindMe */;
			targetProxy = 303EAF6B2AD1BD2000689795 /* PBXContainerItemProxy */;
		};
		303EAF762AD1BD2000689795 /* PBXTargetDependency */ = {
			isa = PBXTargetDependency;
			target = 303EAF562AD1BD1F00689795 /* RemindMe */;
			targetProxy = 303EAF752AD1BD2000689795 /* PBXContainerItemProxy */;
		};
		303EAFAB2AD1C17B00689795 /* PBXTargetDependency */ = {
			isa = PBXTargetDependency;
			target = 303EAF972AD1C17A00689795 /* RemindMe (iOS) */;
			targetProxy = 303EAFAA2AD1C17B00689795 /* PBXContainerItemProxy */;
		};
		303EAFB52AD1C17B00689795 /* PBXTargetDependency */ = {
			isa = PBXTargetDependency;
			target = 303EAF972AD1C17A00689795 /* RemindMe (iOS) */;
			targetProxy = 303EAFB42AD1C17B00689795 /* PBXContainerItemProxy */;
		};
/* End PBXTargetDependency section */

/* Begin XCBuildConfiguration section */
		303EAF7C2AD1BD2000689795 /* Debug */ = {
			isa = XCBuildConfiguration;
			buildSettings = {
				ALWAYS_SEARCH_USER_PATHS = NO;
				ASSETCATALOG_COMPILER_GENERATE_SWIFT_ASSET_SYMBOL_EXTENSIONS = YES;
				CLANG_ANALYZER_NONNULL = YES;
				CLANG_ANALYZER_NUMBER_OBJECT_CONVERSION = YES_AGGRESSIVE;
				CLANG_CXX_LANGUAGE_STANDARD = "gnu++20";
				CLANG_ENABLE_MODULES = YES;
				CLANG_ENABLE_OBJC_ARC = YES;
				CLANG_ENABLE_OBJC_WEAK = YES;
				CLANG_WARN_BLOCK_CAPTURE_AUTORELEASING = YES;
				CLANG_WARN_BOOL_CONVERSION = YES;
				CLANG_WARN_COMMA = YES;
				CLANG_WARN_CONSTANT_CONVERSION = YES;
				CLANG_WARN_DEPRECATED_OBJC_IMPLEMENTATIONS = YES;
				CLANG_WARN_DIRECT_OBJC_ISA_USAGE = YES_ERROR;
				CLANG_WARN_DOCUMENTATION_COMMENTS = YES;
				CLANG_WARN_EMPTY_BODY = YES;
				CLANG_WARN_ENUM_CONVERSION = YES;
				CLANG_WARN_INFINITE_RECURSION = YES;
				CLANG_WARN_INT_CONVERSION = YES;
				CLANG_WARN_NON_LITERAL_NULL_CONVERSION = YES;
				CLANG_WARN_OBJC_IMPLICIT_RETAIN_SELF = YES;
				CLANG_WARN_OBJC_LITERAL_CONVERSION = YES;
				CLANG_WARN_OBJC_ROOT_CLASS = YES_ERROR;
				CLANG_WARN_QUOTED_INCLUDE_IN_FRAMEWORK_HEADER = YES;
				CLANG_WARN_RANGE_LOOP_ANALYSIS = YES;
				CLANG_WARN_STRICT_PROTOTYPES = YES;
				CLANG_WARN_SUSPICIOUS_MOVE = YES;
				CLANG_WARN_UNGUARDED_AVAILABILITY = YES_AGGRESSIVE;
				CLANG_WARN_UNREACHABLE_CODE = YES;
				CLANG_WARN__DUPLICATE_METHOD_MATCH = YES;
				COPY_PHASE_STRIP = NO;
				DEBUG_INFORMATION_FORMAT = dwarf;
				ENABLE_STRICT_OBJC_MSGSEND = YES;
				ENABLE_TESTABILITY = YES;
				ENABLE_USER_SCRIPT_SANDBOXING = YES;
				GCC_C_LANGUAGE_STANDARD = gnu17;
				GCC_DYNAMIC_NO_PIC = NO;
				GCC_NO_COMMON_BLOCKS = YES;
				GCC_OPTIMIZATION_LEVEL = 0;
				GCC_PREPROCESSOR_DEFINITIONS = (
					"DEBUG=1",
					"$(inherited)",
				);
				GCC_WARN_64_TO_32_BIT_CONVERSION = YES;
				GCC_WARN_ABOUT_RETURN_TYPE = YES_ERROR;
				GCC_WARN_UNDECLARED_SELECTOR = YES;
				GCC_WARN_UNINITIALIZED_AUTOS = YES_AGGRESSIVE;
				GCC_WARN_UNUSED_FUNCTION = YES;
				GCC_WARN_UNUSED_VARIABLE = YES;
				LOCALIZATION_PREFERS_STRING_CATALOGS = YES;
				MTL_ENABLE_DEBUG_INFO = INCLUDE_SOURCE;
				MTL_FAST_MATH = YES;
				ONLY_ACTIVE_ARCH = YES;
				SWIFT_ACTIVE_COMPILATION_CONDITIONS = "DEBUG $(inherited)";
				SWIFT_OPTIMIZATION_LEVEL = "-Onone";
			};
			name = Debug;
		};
		303EAF7D2AD1BD2000689795 /* Release */ = {
			isa = XCBuildConfiguration;
			buildSettings = {
				ALWAYS_SEARCH_USER_PATHS = NO;
				ASSETCATALOG_COMPILER_GENERATE_SWIFT_ASSET_SYMBOL_EXTENSIONS = YES;
				CLANG_ANALYZER_NONNULL = YES;
				CLANG_ANALYZER_NUMBER_OBJECT_CONVERSION = YES_AGGRESSIVE;
				CLANG_CXX_LANGUAGE_STANDARD = "gnu++20";
				CLANG_ENABLE_MODULES = YES;
				CLANG_ENABLE_OBJC_ARC = YES;
				CLANG_ENABLE_OBJC_WEAK = YES;
				CLANG_WARN_BLOCK_CAPTURE_AUTORELEASING = YES;
				CLANG_WARN_BOOL_CONVERSION = YES;
				CLANG_WARN_COMMA = YES;
				CLANG_WARN_CONSTANT_CONVERSION = YES;
				CLANG_WARN_DEPRECATED_OBJC_IMPLEMENTATIONS = YES;
				CLANG_WARN_DIRECT_OBJC_ISA_USAGE = YES_ERROR;
				CLANG_WARN_DOCUMENTATION_COMMENTS = YES;
				CLANG_WARN_EMPTY_BODY = YES;
				CLANG_WARN_ENUM_CONVERSION = YES;
				CLANG_WARN_INFINITE_RECURSION = YES;
				CLANG_WARN_INT_CONVERSION = YES;
				CLANG_WARN_NON_LITERAL_NULL_CONVERSION = YES;
				CLANG_WARN_OBJC_IMPLICIT_RETAIN_SELF = YES;
				CLANG_WARN_OBJC_LITERAL_CONVERSION = YES;
				CLANG_WARN_OBJC_ROOT_CLASS = YES_ERROR;
				CLANG_WARN_QUOTED_INCLUDE_IN_FRAMEWORK_HEADER = YES;
				CLANG_WARN_RANGE_LOOP_ANALYSIS = YES;
				CLANG_WARN_STRICT_PROTOTYPES = YES;
				CLANG_WARN_SUSPICIOUS_MOVE = YES;
				CLANG_WARN_UNGUARDED_AVAILABILITY = YES_AGGRESSIVE;
				CLANG_WARN_UNREACHABLE_CODE = YES;
				CLANG_WARN__DUPLICATE_METHOD_MATCH = YES;
				COPY_PHASE_STRIP = NO;
				DEBUG_INFORMATION_FORMAT = "dwarf-with-dsym";
				ENABLE_NS_ASSERTIONS = NO;
				ENABLE_STRICT_OBJC_MSGSEND = YES;
				ENABLE_USER_SCRIPT_SANDBOXING = YES;
				GCC_C_LANGUAGE_STANDARD = gnu17;
				GCC_NO_COMMON_BLOCKS = YES;
				GCC_WARN_64_TO_32_BIT_CONVERSION = YES;
				GCC_WARN_ABOUT_RETURN_TYPE = YES_ERROR;
				GCC_WARN_UNDECLARED_SELECTOR = YES;
				GCC_WARN_UNINITIALIZED_AUTOS = YES_AGGRESSIVE;
				GCC_WARN_UNUSED_FUNCTION = YES;
				GCC_WARN_UNUSED_VARIABLE = YES;
				LOCALIZATION_PREFERS_STRING_CATALOGS = YES;
				MTL_ENABLE_DEBUG_INFO = NO;
				MTL_FAST_MATH = YES;
				SWIFT_COMPILATION_MODE = wholemodule;
			};
			name = Release;
		};
		303EAF7F2AD1BD2000689795 /* Debug */ = {
			isa = XCBuildConfiguration;
			buildSettings = {
				ASSETCATALOG_COMPILER_APPICON_NAME = AppIcon;
				ASSETCATALOG_COMPILER_GLOBAL_ACCENT_COLOR_NAME = AccentColor;
				CODE_SIGN_ENTITLEMENTS = RemindMe/RemindMe.entitlements;
				CODE_SIGN_STYLE = Automatic;
				CURRENT_PROJECT_VERSION = 1;
				DEVELOPMENT_ASSET_PATHS = "\"RemindMe/Preview Content\"";
				DEVELOPMENT_TEAM = HS8PVR3BLT;
				ENABLE_HARDENED_RUNTIME = YES;
				ENABLE_PREVIEWS = YES;
				GENERATE_INFOPLIST_FILE = YES;
				INFOPLIST_KEY_CFBundleDisplayName = RemindMe;
				INFOPLIST_KEY_LSApplicationCategoryType = "public.app-category.productivity";
				"INFOPLIST_KEY_UIApplicationSceneManifest_Generation[sdk=iphoneos*]" = YES;
				"INFOPLIST_KEY_UIApplicationSceneManifest_Generation[sdk=iphonesimulator*]" = YES;
				"INFOPLIST_KEY_UIApplicationSupportsIndirectInputEvents[sdk=iphoneos*]" = YES;
				"INFOPLIST_KEY_UIApplicationSupportsIndirectInputEvents[sdk=iphonesimulator*]" = YES;
				"INFOPLIST_KEY_UILaunchScreen_Generation[sdk=iphoneos*]" = YES;
				"INFOPLIST_KEY_UILaunchScreen_Generation[sdk=iphonesimulator*]" = YES;
				"INFOPLIST_KEY_UIStatusBarStyle[sdk=iphoneos*]" = UIStatusBarStyleDefault;
				"INFOPLIST_KEY_UIStatusBarStyle[sdk=iphonesimulator*]" = UIStatusBarStyleDefault;
				INFOPLIST_KEY_UISupportedInterfaceOrientations = UIInterfaceOrientationPortrait;
				INFOPLIST_KEY_UISupportedInterfaceOrientations_iPad = "UIInterfaceOrientationLandscapeLeft UIInterfaceOrientationLandscapeRight UIInterfaceOrientationPortrait";
				IPHONEOS_DEPLOYMENT_TARGET = 17.0;
				LD_RUNPATH_SEARCH_PATHS = "@executable_path/Frameworks";
				"LD_RUNPATH_SEARCH_PATHS[sdk=macosx*]" = "@executable_path/../Frameworks";
				MACOSX_DEPLOYMENT_TARGET = 14.0;
				MARKETING_VERSION = 1.0;
				PRODUCT_BUNDLE_IDENTIFIER = craftcode.remindme;
				PRODUCT_NAME = "$(TARGET_NAME)";
				SDKROOT = auto;
				SUPPORTED_PLATFORMS = macosx;
				SUPPORTS_MACCATALYST = NO;
				SWIFT_EMIT_LOC_STRINGS = YES;
				SWIFT_VERSION = 5.0;
			};
			name = Debug;
		};
		303EAF802AD1BD2000689795 /* Release */ = {
			isa = XCBuildConfiguration;
			buildSettings = {
				ASSETCATALOG_COMPILER_APPICON_NAME = AppIcon;
				ASSETCATALOG_COMPILER_GLOBAL_ACCENT_COLOR_NAME = AccentColor;
				CODE_SIGN_ENTITLEMENTS = RemindMe/RemindMe.entitlements;
				CODE_SIGN_STYLE = Automatic;
				CURRENT_PROJECT_VERSION = 1;
				DEVELOPMENT_ASSET_PATHS = "\"RemindMe/Preview Content\"";
				DEVELOPMENT_TEAM = HS8PVR3BLT;
				ENABLE_HARDENED_RUNTIME = YES;
				ENABLE_PREVIEWS = YES;
				GENERATE_INFOPLIST_FILE = YES;
				INFOPLIST_KEY_CFBundleDisplayName = RemindMe;
				INFOPLIST_KEY_LSApplicationCategoryType = "public.app-category.productivity";
				"INFOPLIST_KEY_UIApplicationSceneManifest_Generation[sdk=iphoneos*]" = YES;
				"INFOPLIST_KEY_UIApplicationSceneManifest_Generation[sdk=iphonesimulator*]" = YES;
				"INFOPLIST_KEY_UIApplicationSupportsIndirectInputEvents[sdk=iphoneos*]" = YES;
				"INFOPLIST_KEY_UIApplicationSupportsIndirectInputEvents[sdk=iphonesimulator*]" = YES;
				"INFOPLIST_KEY_UILaunchScreen_Generation[sdk=iphoneos*]" = YES;
				"INFOPLIST_KEY_UILaunchScreen_Generation[sdk=iphonesimulator*]" = YES;
				"INFOPLIST_KEY_UIStatusBarStyle[sdk=iphoneos*]" = UIStatusBarStyleDefault;
				"INFOPLIST_KEY_UIStatusBarStyle[sdk=iphonesimulator*]" = UIStatusBarStyleDefault;
				INFOPLIST_KEY_UISupportedInterfaceOrientations = UIInterfaceOrientationPortrait;
				INFOPLIST_KEY_UISupportedInterfaceOrientations_iPad = "UIInterfaceOrientationLandscapeLeft UIInterfaceOrientationLandscapeRight UIInterfaceOrientationPortrait";
				IPHONEOS_DEPLOYMENT_TARGET = 17.0;
				LD_RUNPATH_SEARCH_PATHS = "@executable_path/Frameworks";
				"LD_RUNPATH_SEARCH_PATHS[sdk=macosx*]" = "@executable_path/../Frameworks";
				MACOSX_DEPLOYMENT_TARGET = 14.0;
				MARKETING_VERSION = 1.0;
				PRODUCT_BUNDLE_IDENTIFIER = craftcode.remindme;
				PRODUCT_NAME = "$(TARGET_NAME)";
				SDKROOT = auto;
				SUPPORTED_PLATFORMS = macosx;
				SUPPORTS_MACCATALYST = NO;
				SWIFT_EMIT_LOC_STRINGS = YES;
				SWIFT_VERSION = 5.0;
			};
			name = Release;
		};
		303EAF822AD1BD2000689795 /* Debug */ = {
			isa = XCBuildConfiguration;
			buildSettings = {
				ALWAYS_EMBED_SWIFT_STANDARD_LIBRARIES = YES;
				BUNDLE_LOADER = "$(TEST_HOST)";
				CODE_SIGN_STYLE = Automatic;
				CURRENT_PROJECT_VERSION = 1;
				DEVELOPMENT_TEAM = HS8PVR3BLT;
				GENERATE_INFOPLIST_FILE = YES;
				IPHONEOS_DEPLOYMENT_TARGET = 17.0;
				MACOSX_DEPLOYMENT_TARGET = 14.0;
				MARKETING_VERSION = 1.0;
				PRODUCT_BUNDLE_IDENTIFIER = craftcode.RemindMeTests;
				PRODUCT_NAME = "$(TARGET_NAME)";
				SDKROOT = auto;
				SUPPORTED_PLATFORMS = "iphoneos iphonesimulator macosx";
				SWIFT_EMIT_LOC_STRINGS = NO;
				SWIFT_VERSION = 5.0;
				TARGETED_DEVICE_FAMILY = "1,2";
				TEST_HOST = "$(BUILT_PRODUCTS_DIR)/RemindMe.app/$(BUNDLE_EXECUTABLE_FOLDER_PATH)/RemindMe";
			};
			name = Debug;
		};
		303EAF832AD1BD2000689795 /* Release */ = {
			isa = XCBuildConfiguration;
			buildSettings = {
				ALWAYS_EMBED_SWIFT_STANDARD_LIBRARIES = YES;
				BUNDLE_LOADER = "$(TEST_HOST)";
				CODE_SIGN_STYLE = Automatic;
				CURRENT_PROJECT_VERSION = 1;
				DEVELOPMENT_TEAM = HS8PVR3BLT;
				GENERATE_INFOPLIST_FILE = YES;
				IPHONEOS_DEPLOYMENT_TARGET = 17.0;
				MACOSX_DEPLOYMENT_TARGET = 14.0;
				MARKETING_VERSION = 1.0;
				PRODUCT_BUNDLE_IDENTIFIER = craftcode.RemindMeTests;
				PRODUCT_NAME = "$(TARGET_NAME)";
				SDKROOT = auto;
				SUPPORTED_PLATFORMS = "iphoneos iphonesimulator macosx";
				SWIFT_EMIT_LOC_STRINGS = NO;
				SWIFT_VERSION = 5.0;
				TARGETED_DEVICE_FAMILY = "1,2";
				TEST_HOST = "$(BUILT_PRODUCTS_DIR)/RemindMe.app/$(BUNDLE_EXECUTABLE_FOLDER_PATH)/RemindMe";
			};
			name = Release;
		};
		303EAF852AD1BD2000689795 /* Debug */ = {
			isa = XCBuildConfiguration;
			buildSettings = {
				ALWAYS_EMBED_SWIFT_STANDARD_LIBRARIES = YES;
				CODE_SIGN_STYLE = Automatic;
				CURRENT_PROJECT_VERSION = 1;
				DEVELOPMENT_TEAM = HS8PVR3BLT;
				GENERATE_INFOPLIST_FILE = YES;
				IPHONEOS_DEPLOYMENT_TARGET = 17.0;
				MACOSX_DEPLOYMENT_TARGET = 14.0;
				MARKETING_VERSION = 1.0;
				PRODUCT_BUNDLE_IDENTIFIER = craftcode.RemindMeUITests;
				PRODUCT_NAME = "$(TARGET_NAME)";
				SDKROOT = auto;
				SUPPORTED_PLATFORMS = "iphoneos iphonesimulator macosx";
				SWIFT_EMIT_LOC_STRINGS = NO;
				SWIFT_VERSION = 5.0;
				TARGETED_DEVICE_FAMILY = "1,2";
				TEST_TARGET_NAME = RemindMe;
			};
			name = Debug;
		};
		303EAF862AD1BD2000689795 /* Release */ = {
			isa = XCBuildConfiguration;
			buildSettings = {
				ALWAYS_EMBED_SWIFT_STANDARD_LIBRARIES = YES;
				CODE_SIGN_STYLE = Automatic;
				CURRENT_PROJECT_VERSION = 1;
				DEVELOPMENT_TEAM = HS8PVR3BLT;
				GENERATE_INFOPLIST_FILE = YES;
				IPHONEOS_DEPLOYMENT_TARGET = 17.0;
				MACOSX_DEPLOYMENT_TARGET = 14.0;
				MARKETING_VERSION = 1.0;
				PRODUCT_BUNDLE_IDENTIFIER = craftcode.RemindMeUITests;
				PRODUCT_NAME = "$(TARGET_NAME)";
				SDKROOT = auto;
				SUPPORTED_PLATFORMS = "iphoneos iphonesimulator macosx";
				SWIFT_EMIT_LOC_STRINGS = NO;
				SWIFT_VERSION = 5.0;
				TARGETED_DEVICE_FAMILY = "1,2";
				TEST_TARGET_NAME = RemindMe;
			};
			name = Release;
		};
		303EAFBC2AD1C17B00689795 /* Debug */ = {
			isa = XCBuildConfiguration;
			buildSettings = {
				ASSETCATALOG_COMPILER_APPICON_NAME = AppIcon;
				ASSETCATALOG_COMPILER_GLOBAL_ACCENT_COLOR_NAME = AccentColor;
				CODE_SIGN_STYLE = Automatic;
				CURRENT_PROJECT_VERSION = 1;
				DEVELOPMENT_ASSET_PATHS = "\"RemindMe (iOS)/Preview Content\"";
				DEVELOPMENT_TEAM = HS8PVR3BLT;
				ENABLE_PREVIEWS = YES;
				GENERATE_INFOPLIST_FILE = YES;
				INFOPLIST_KEY_CFBundleDisplayName = RemindMe;
				INFOPLIST_KEY_LSApplicationCategoryType = "public.app-category.productivity";
				INFOPLIST_KEY_UIApplicationSceneManifest_Generation = YES;
				INFOPLIST_KEY_UIApplicationSupportsIndirectInputEvents = YES;
				INFOPLIST_KEY_UILaunchScreen_Generation = YES;
				INFOPLIST_KEY_UISupportedInterfaceOrientations_iPad = "UIInterfaceOrientationPortrait UIInterfaceOrientationPortraitUpsideDown UIInterfaceOrientationLandscapeLeft UIInterfaceOrientationLandscapeRight";
				INFOPLIST_KEY_UISupportedInterfaceOrientations_iPhone = "UIInterfaceOrientationPortrait UIInterfaceOrientationLandscapeLeft UIInterfaceOrientationLandscapeRight";
				IPHONEOS_DEPLOYMENT_TARGET = 17.0;
				LD_RUNPATH_SEARCH_PATHS = (
					"$(inherited)",
					"@executable_path/Frameworks",
				);
				MARKETING_VERSION = 1.0;
				PRODUCT_BUNDLE_IDENTIFIER = craftcode.remindme;
				PRODUCT_NAME = "$(TARGET_NAME)";
				SDKROOT = iphoneos;
				SUPPORTED_PLATFORMS = "iphoneos iphonesimulator";
				SUPPORTS_MACCATALYST = NO;
				SUPPORTS_MAC_DESIGNED_FOR_IPHONE_IPAD = NO;
				SWIFT_EMIT_LOC_STRINGS = YES;
				SWIFT_VERSION = 5.0;
				TARGETED_DEVICE_FAMILY = 1;
			};
			name = Debug;
		};
		303EAFBD2AD1C17B00689795 /* Release */ = {
			isa = XCBuildConfiguration;
			buildSettings = {
				ASSETCATALOG_COMPILER_APPICON_NAME = AppIcon;
				ASSETCATALOG_COMPILER_GLOBAL_ACCENT_COLOR_NAME = AccentColor;
				CODE_SIGN_STYLE = Automatic;
				CURRENT_PROJECT_VERSION = 1;
				DEVELOPMENT_ASSET_PATHS = "\"RemindMe (iOS)/Preview Content\"";
				DEVELOPMENT_TEAM = HS8PVR3BLT;
				ENABLE_PREVIEWS = YES;
				GENERATE_INFOPLIST_FILE = YES;
				INFOPLIST_KEY_CFBundleDisplayName = RemindMe;
				INFOPLIST_KEY_LSApplicationCategoryType = "public.app-category.productivity";
				INFOPLIST_KEY_UIApplicationSceneManifest_Generation = YES;
				INFOPLIST_KEY_UIApplicationSupportsIndirectInputEvents = YES;
				INFOPLIST_KEY_UILaunchScreen_Generation = YES;
				INFOPLIST_KEY_UISupportedInterfaceOrientations_iPad = "UIInterfaceOrientationPortrait UIInterfaceOrientationPortraitUpsideDown UIInterfaceOrientationLandscapeLeft UIInterfaceOrientationLandscapeRight";
				INFOPLIST_KEY_UISupportedInterfaceOrientations_iPhone = "UIInterfaceOrientationPortrait UIInterfaceOrientationLandscapeLeft UIInterfaceOrientationLandscapeRight";
				IPHONEOS_DEPLOYMENT_TARGET = 17.0;
				LD_RUNPATH_SEARCH_PATHS = (
					"$(inherited)",
					"@executable_path/Frameworks",
				);
				MARKETING_VERSION = 1.0;
				PRODUCT_BUNDLE_IDENTIFIER = craftcode.remindme;
				PRODUCT_NAME = "$(TARGET_NAME)";
				SDKROOT = iphoneos;
				SUPPORTED_PLATFORMS = "iphoneos iphonesimulator";
				SUPPORTS_MACCATALYST = NO;
				SUPPORTS_MAC_DESIGNED_FOR_IPHONE_IPAD = NO;
				SWIFT_EMIT_LOC_STRINGS = YES;
				SWIFT_VERSION = 5.0;
				TARGETED_DEVICE_FAMILY = 1;
				VALIDATE_PRODUCT = YES;
			};
			name = Release;
		};
		303EAFBF2AD1C17B00689795 /* Debug */ = {
			isa = XCBuildConfiguration;
			buildSettings = {
				ALWAYS_EMBED_SWIFT_STANDARD_LIBRARIES = YES;
				BUNDLE_LOADER = "$(TEST_HOST)";
				CODE_SIGN_STYLE = Automatic;
				CURRENT_PROJECT_VERSION = 1;
				DEVELOPMENT_TEAM = HS8PVR3BLT;
				GENERATE_INFOPLIST_FILE = YES;
				IPHONEOS_DEPLOYMENT_TARGET = 17.0;
				MARKETING_VERSION = 1.0;
				PRODUCT_BUNDLE_IDENTIFIER = "craftcode.RemindMe--iOS-Tests";
				PRODUCT_NAME = "$(TARGET_NAME)";
				SDKROOT = iphoneos;
				SWIFT_EMIT_LOC_STRINGS = NO;
				SWIFT_VERSION = 5.0;
				TARGETED_DEVICE_FAMILY = "1,2";
				TEST_HOST = "$(BUILT_PRODUCTS_DIR)/RemindMe (iOS).app/$(BUNDLE_EXECUTABLE_FOLDER_PATH)/RemindMe (iOS)";
			};
			name = Debug;
		};
		303EAFC02AD1C17B00689795 /* Release */ = {
			isa = XCBuildConfiguration;
			buildSettings = {
				ALWAYS_EMBED_SWIFT_STANDARD_LIBRARIES = YES;
				BUNDLE_LOADER = "$(TEST_HOST)";
				CODE_SIGN_STYLE = Automatic;
				CURRENT_PROJECT_VERSION = 1;
				DEVELOPMENT_TEAM = HS8PVR3BLT;
				GENERATE_INFOPLIST_FILE = YES;
				IPHONEOS_DEPLOYMENT_TARGET = 17.0;
				MARKETING_VERSION = 1.0;
				PRODUCT_BUNDLE_IDENTIFIER = "craftcode.RemindMe--iOS-Tests";
				PRODUCT_NAME = "$(TARGET_NAME)";
				SDKROOT = iphoneos;
				SWIFT_EMIT_LOC_STRINGS = NO;
				SWIFT_VERSION = 5.0;
				TARGETED_DEVICE_FAMILY = "1,2";
				TEST_HOST = "$(BUILT_PRODUCTS_DIR)/RemindMe (iOS).app/$(BUNDLE_EXECUTABLE_FOLDER_PATH)/RemindMe (iOS)";
				VALIDATE_PRODUCT = YES;
			};
			name = Release;
		};
		303EAFC22AD1C17B00689795 /* Debug */ = {
			isa = XCBuildConfiguration;
			buildSettings = {
				ALWAYS_EMBED_SWIFT_STANDARD_LIBRARIES = YES;
				CODE_SIGN_STYLE = Automatic;
				CURRENT_PROJECT_VERSION = 1;
				DEVELOPMENT_TEAM = HS8PVR3BLT;
				GENERATE_INFOPLIST_FILE = YES;
				IPHONEOS_DEPLOYMENT_TARGET = 17.0;
				MARKETING_VERSION = 1.0;
				PRODUCT_BUNDLE_IDENTIFIER = "craftcode.RemindMe--iOS-UITests";
				PRODUCT_NAME = "$(TARGET_NAME)";
				SDKROOT = iphoneos;
				SWIFT_EMIT_LOC_STRINGS = NO;
				SWIFT_VERSION = 5.0;
				TARGETED_DEVICE_FAMILY = "1,2";
				TEST_TARGET_NAME = "RemindMe (iOS)";
			};
			name = Debug;
		};
		303EAFC32AD1C17B00689795 /* Release */ = {
			isa = XCBuildConfiguration;
			buildSettings = {
				ALWAYS_EMBED_SWIFT_STANDARD_LIBRARIES = YES;
				CODE_SIGN_STYLE = Automatic;
				CURRENT_PROJECT_VERSION = 1;
				DEVELOPMENT_TEAM = HS8PVR3BLT;
				GENERATE_INFOPLIST_FILE = YES;
				IPHONEOS_DEPLOYMENT_TARGET = 17.0;
				MARKETING_VERSION = 1.0;
				PRODUCT_BUNDLE_IDENTIFIER = "craftcode.RemindMe--iOS-UITests";
				PRODUCT_NAME = "$(TARGET_NAME)";
				SDKROOT = iphoneos;
				SWIFT_EMIT_LOC_STRINGS = NO;
				SWIFT_VERSION = 5.0;
				TARGETED_DEVICE_FAMILY = "1,2";
				TEST_TARGET_NAME = "RemindMe (iOS)";
				VALIDATE_PRODUCT = YES;
			};
			name = Release;
		};
/* End XCBuildConfiguration section */

/* Begin XCConfigurationList section */
		303EAF522AD1BD1F00689795 /* Build configuration list for PBXProject "RemindMe" */ = {
			isa = XCConfigurationList;
			buildConfigurations = (
				303EAF7C2AD1BD2000689795 /* Debug */,
				303EAF7D2AD1BD2000689795 /* Release */,
			);
			defaultConfigurationIsVisible = 0;
			defaultConfigurationName = Release;
		};
		303EAF7E2AD1BD2000689795 /* Build configuration list for PBXNativeTarget "RemindMe" */ = {
			isa = XCConfigurationList;
			buildConfigurations = (
				303EAF7F2AD1BD2000689795 /* Debug */,
				303EAF802AD1BD2000689795 /* Release */,
			);
			defaultConfigurationIsVisible = 0;
			defaultConfigurationName = Release;
		};
		303EAF812AD1BD2000689795 /* Build configuration list for PBXNativeTarget "RemindMeTests" */ = {
			isa = XCConfigurationList;
			buildConfigurations = (
				303EAF822AD1BD2000689795 /* Debug */,
				303EAF832AD1BD2000689795 /* Release */,
			);
			defaultConfigurationIsVisible = 0;
			defaultConfigurationName = Release;
		};
		303EAF842AD1BD2000689795 /* Build configuration list for PBXNativeTarget "RemindMeUITests" */ = {
			isa = XCConfigurationList;
			buildConfigurations = (
				303EAF852AD1BD2000689795 /* Debug */,
				303EAF862AD1BD2000689795 /* Release */,
			);
			defaultConfigurationIsVisible = 0;
			defaultConfigurationName = Release;
		};
		303EAFBB2AD1C17B00689795 /* Build configuration list for PBXNativeTarget "RemindMe (iOS)" */ = {
			isa = XCConfigurationList;
			buildConfigurations = (
				303EAFBC2AD1C17B00689795 /* Debug */,
				303EAFBD2AD1C17B00689795 /* Release */,
			);
			defaultConfigurationIsVisible = 0;
			defaultConfigurationName = Release;
		};
		303EAFBE2AD1C17B00689795 /* Build configuration list for PBXNativeTarget "RemindMe (iOS)Tests" */ = {
			isa = XCConfigurationList;
			buildConfigurations = (
				303EAFBF2AD1C17B00689795 /* Debug */,
				303EAFC02AD1C17B00689795 /* Release */,
			);
			defaultConfigurationIsVisible = 0;
			defaultConfigurationName = Release;
		};
		303EAFC12AD1C17B00689795 /* Build configuration list for PBXNativeTarget "RemindMe (iOS)UITests" */ = {
			isa = XCConfigurationList;
			buildConfigurations = (
				303EAFC22AD1C17B00689795 /* Debug */,
				303EAFC32AD1C17B00689795 /* Release */,
			);
			defaultConfigurationIsVisible = 0;
			defaultConfigurationName = Release;
		};
/* End XCConfigurationList section */
	};
	rootObject = 303EAF4F2AD1BD1F00689795 /* Project object */;
}
